// !$*UTF8*$!
{
	archiveVersion = 1;
	classes = {
	};
	objectVersion = 56;
	objects = {

/* Begin PBXBuildFile section */
		9D015E02295889E90014B5BB /* GoogleService-Info.plist in Resources */ = {isa = PBXBuildFile; fileRef = 9D015E01295889E90014B5BB /* GoogleService-Info.plist */; };
		9D015E0529588CD80014B5BB /* FirebaseAuth in Frameworks */ = {isa = PBXBuildFile; productRef = 9D015E0429588CD80014B5BB /* FirebaseAuth */; };
		9D015E0729588CD80014B5BB /* FirebaseFirestore in Frameworks */ = {isa = PBXBuildFile; productRef = 9D015E0629588CD80014B5BB /* FirebaseFirestore */; };
		9D015E0929588CD80014B5BB /* FirebaseFirestoreSwift in Frameworks */ = {isa = PBXBuildFile; productRef = 9D015E0829588CD80014B5BB /* FirebaseFirestoreSwift */; };
		9D015E0B29588CD80014B5BB /* FirebaseStorage in Frameworks */ = {isa = PBXBuildFile; productRef = 9D015E0A29588CD80014B5BB /* FirebaseStorage */; };
		9D403F242956FF5100249C84 /* NewTweetView.swift in Sources */ = {isa = PBXBuildFile; fileRef = 9D403F232956FF5100249C84 /* NewTweetView.swift */; };
		9D403F26295701D000249C84 /* TextArea.swift in Sources */ = {isa = PBXBuildFile; fileRef = 9D403F25295701D000249C84 /* TextArea.swift */; };
		9D769326294DC9A8004C53EF /* TwitterCloneApp.swift in Sources */ = {isa = PBXBuildFile; fileRef = 9D769325294DC9A8004C53EF /* TwitterCloneApp.swift */; };
		9D769328294DC9A8004C53EF /* ContentView.swift in Sources */ = {isa = PBXBuildFile; fileRef = 9D769327294DC9A8004C53EF /* ContentView.swift */; };
		9D76932A294DC9A9004C53EF /* Assets.xcassets in Resources */ = {isa = PBXBuildFile; fileRef = 9D769329294DC9A9004C53EF /* Assets.xcassets */; };
		9D76932D294DC9A9004C53EF /* Preview Assets.xcassets in Resources */ = {isa = PBXBuildFile; fileRef = 9D76932C294DC9A9004C53EF /* Preview Assets.xcassets */; };
		9D76933C294DCAD8004C53EF /* FeedView.swift in Sources */ = {isa = PBXBuildFile; fileRef = 9D76933B294DCAD8004C53EF /* FeedView.swift */; };
		9D76933F294DCC19004C53EF /* TweetRowView.swift in Sources */ = {isa = PBXBuildFile; fileRef = 9D76933E294DCC19004C53EF /* TweetRowView.swift */; };
		9D769342294DD482004C53EF /* MainTabView.swift in Sources */ = {isa = PBXBuildFile; fileRef = 9D769341294DD482004C53EF /* MainTabView.swift */; };
		9D769348294DD718004C53EF /* ExploreView.swift in Sources */ = {isa = PBXBuildFile; fileRef = 9D769347294DD718004C53EF /* ExploreView.swift */; };
		9D76934A294DD74C004C53EF /* NotificationsView.swift in Sources */ = {isa = PBXBuildFile; fileRef = 9D769349294DD74C004C53EF /* NotificationsView.swift */; };
		9D76934C294DD780004C53EF /* MessagesView.swift in Sources */ = {isa = PBXBuildFile; fileRef = 9D76934B294DD780004C53EF /* MessagesView.swift */; };
		9DB0101329509E8D00614389 /* UserRowView.swift in Sources */ = {isa = PBXBuildFile; fileRef = 9DB0101229509E8D00614389 /* UserRowView.swift */; };
		9DB010182950AB0C00614389 /* SideMenuView.swift in Sources */ = {isa = PBXBuildFile; fileRef = 9DB010172950AB0C00614389 /* SideMenuView.swift */; };
		9DB0101C2950AB8700614389 /* SideMenuViewModel.swift in Sources */ = {isa = PBXBuildFile; fileRef = 9DB0101B2950AB8700614389 /* SideMenuViewModel.swift */; };
		9DB0101E2950AE5C00614389 /* UserStatsView.swift in Sources */ = {isa = PBXBuildFile; fileRef = 9DB0101D2950AE5C00614389 /* UserStatsView.swift */; };
		9DB010202950B9B100614389 /* SideMenuOptionRowView.swift in Sources */ = {isa = PBXBuildFile; fileRef = 9DB0101F2950B9B100614389 /* SideMenuOptionRowView.swift */; };
		9DC6488A294F3322008AC6AA /* ProfileView.swift in Sources */ = {isa = PBXBuildFile; fileRef = 9DC64889294F3322008AC6AA /* ProfileView.swift */; };
		9DC6488C294F40B8008AC6AA /* TweetFilterViewModel.swift in Sources */ = {isa = PBXBuildFile; fileRef = 9DC6488B294F40B8008AC6AA /* TweetFilterViewModel.swift */; };
		9DDE65A12957902B00063A49 /* AuthHeaderView.swift in Sources */ = {isa = PBXBuildFile; fileRef = 9DDE65A02957902B00063A49 /* AuthHeaderView.swift */; };
		9DE2113C29570F2C00B2AB11 /* LoginView.swift in Sources */ = {isa = PBXBuildFile; fileRef = 9DE2113B29570F2C00B2AB11 /* LoginView.swift */; };
		9DE2113E29570F3A00B2AB11 /* RegistrationView.swift in Sources */ = {isa = PBXBuildFile; fileRef = 9DE2113D29570F3A00B2AB11 /* RegistrationView.swift */; };
		9DE211422957151E00B2AB11 /* RoundedShape.swift in Sources */ = {isa = PBXBuildFile; fileRef = 9DE211412957151E00B2AB11 /* RoundedShape.swift */; };
		9DE2114429571C2700B2AB11 /* CustomInputField.swift in Sources */ = {isa = PBXBuildFile; fileRef = 9DE2114329571C2700B2AB11 /* CustomInputField.swift */; };
/* End PBXBuildFile section */

/* Begin PBXFileReference section */
		9D015E01295889E90014B5BB /* GoogleService-Info.plist */ = {isa = PBXFileReference; lastKnownFileType = text.plist; path = "GoogleService-Info.plist"; sourceTree = SOURCE_ROOT; };
		9D403F232956FF5100249C84 /* NewTweetView.swift */ = {isa = PBXFileReference; lastKnownFileType = sourcecode.swift; path = NewTweetView.swift; sourceTree = "<group>"; };
		9D403F25295701D000249C84 /* TextArea.swift */ = {isa = PBXFileReference; lastKnownFileType = sourcecode.swift; path = TextArea.swift; sourceTree = "<group>"; };
		9D769322294DC9A8004C53EF /* TwitterClone.app */ = {isa = PBXFileReference; explicitFileType = wrapper.application; includeInIndex = 0; path = TwitterClone.app; sourceTree = BUILT_PRODUCTS_DIR; };
		9D769325294DC9A8004C53EF /* TwitterCloneApp.swift */ = {isa = PBXFileReference; lastKnownFileType = sourcecode.swift; path = TwitterCloneApp.swift; sourceTree = "<group>"; };
		9D769327294DC9A8004C53EF /* ContentView.swift */ = {isa = PBXFileReference; lastKnownFileType = sourcecode.swift; path = ContentView.swift; sourceTree = "<group>"; };
		9D769329294DC9A9004C53EF /* Assets.xcassets */ = {isa = PBXFileReference; lastKnownFileType = folder.assetcatalog; path = Assets.xcassets; sourceTree = "<group>"; };
		9D76932C294DC9A9004C53EF /* Preview Assets.xcassets */ = {isa = PBXFileReference; lastKnownFileType = folder.assetcatalog; path = "Preview Assets.xcassets"; sourceTree = "<group>"; };
		9D76933B294DCAD8004C53EF /* FeedView.swift */ = {isa = PBXFileReference; lastKnownFileType = sourcecode.swift; path = FeedView.swift; sourceTree = "<group>"; };
		9D76933E294DCC19004C53EF /* TweetRowView.swift */ = {isa = PBXFileReference; lastKnownFileType = sourcecode.swift; path = TweetRowView.swift; sourceTree = "<group>"; };
		9D769341294DD482004C53EF /* MainTabView.swift */ = {isa = PBXFileReference; lastKnownFileType = sourcecode.swift; path = MainTabView.swift; sourceTree = "<group>"; };
		9D769347294DD718004C53EF /* ExploreView.swift */ = {isa = PBXFileReference; lastKnownFileType = sourcecode.swift; path = ExploreView.swift; sourceTree = "<group>"; };
		9D769349294DD74C004C53EF /* NotificationsView.swift */ = {isa = PBXFileReference; lastKnownFileType = sourcecode.swift; path = NotificationsView.swift; sourceTree = "<group>"; };
		9D76934B294DD780004C53EF /* MessagesView.swift */ = {isa = PBXFileReference; lastKnownFileType = sourcecode.swift; path = MessagesView.swift; sourceTree = "<group>"; };
		9DB0101229509E8D00614389 /* UserRowView.swift */ = {isa = PBXFileReference; lastKnownFileType = sourcecode.swift; path = UserRowView.swift; sourceTree = "<group>"; };
		9DB010172950AB0C00614389 /* SideMenuView.swift */ = {isa = PBXFileReference; lastKnownFileType = sourcecode.swift; path = SideMenuView.swift; sourceTree = "<group>"; };
		9DB0101B2950AB8700614389 /* SideMenuViewModel.swift */ = {isa = PBXFileReference; lastKnownFileType = sourcecode.swift; path = SideMenuViewModel.swift; sourceTree = "<group>"; };
		9DB0101D2950AE5C00614389 /* UserStatsView.swift */ = {isa = PBXFileReference; lastKnownFileType = sourcecode.swift; path = UserStatsView.swift; sourceTree = "<group>"; };
		9DB0101F2950B9B100614389 /* SideMenuOptionRowView.swift */ = {isa = PBXFileReference; lastKnownFileType = sourcecode.swift; path = SideMenuOptionRowView.swift; sourceTree = "<group>"; };
		9DC64889294F3322008AC6AA /* ProfileView.swift */ = {isa = PBXFileReference; lastKnownFileType = sourcecode.swift; path = ProfileView.swift; sourceTree = "<group>"; };
		9DC6488B294F40B8008AC6AA /* TweetFilterViewModel.swift */ = {isa = PBXFileReference; lastKnownFileType = sourcecode.swift; path = TweetFilterViewModel.swift; sourceTree = "<group>"; };
		9DDE65A02957902B00063A49 /* AuthHeaderView.swift */ = {isa = PBXFileReference; lastKnownFileType = sourcecode.swift; path = AuthHeaderView.swift; sourceTree = "<group>"; };
		9DE2113B29570F2C00B2AB11 /* LoginView.swift */ = {isa = PBXFileReference; lastKnownFileType = sourcecode.swift; path = LoginView.swift; sourceTree = "<group>"; };
		9DE2113D29570F3A00B2AB11 /* RegistrationView.swift */ = {isa = PBXFileReference; lastKnownFileType = sourcecode.swift; path = RegistrationView.swift; sourceTree = "<group>"; };
		9DE211412957151E00B2AB11 /* RoundedShape.swift */ = {isa = PBXFileReference; lastKnownFileType = sourcecode.swift; path = RoundedShape.swift; sourceTree = "<group>"; };
		9DE2114329571C2700B2AB11 /* CustomInputField.swift */ = {isa = PBXFileReference; lastKnownFileType = sourcecode.swift; path = CustomInputField.swift; sourceTree = "<group>"; };
/* End PBXFileReference section */

/* Begin PBXFrameworksBuildPhase section */
		9D76931F294DC9A8004C53EF /* Frameworks */ = {
			isa = PBXFrameworksBuildPhase;
			buildActionMask = 2147483647;
			files = (
				9D015E0529588CD80014B5BB /* FirebaseAuth in Frameworks */,
				9D015E0B29588CD80014B5BB /* FirebaseStorage in Frameworks */,
				9D015E0729588CD80014B5BB /* FirebaseFirestore in Frameworks */,
				9D015E0929588CD80014B5BB /* FirebaseFirestoreSwift in Frameworks */,
			);
			runOnlyForDeploymentPostprocessing = 0;
		};
/* End PBXFrameworksBuildPhase section */

/* Begin PBXGroup section */
		9D403F202956FF1C00249C84 /* UploadTweet */ = {
			isa = PBXGroup;
			children = (
				9D403F222956FF2C00249C84 /* ViewModels */,
				9D403F212956FF2900249C84 /* Views */,
			);
			path = UploadTweet;
			sourceTree = "<group>";
		};
		9D403F212956FF2900249C84 /* Views */ = {
			isa = PBXGroup;
			children = (
				9D403F232956FF5100249C84 /* NewTweetView.swift */,
			);
			path = Views;
			sourceTree = "<group>";
		};
		9D403F222956FF2C00249C84 /* ViewModels */ = {
			isa = PBXGroup;
			children = (
			);
			path = ViewModels;
			sourceTree = "<group>";
		};
		9D403F2729570E4000249C84 /* Authentication */ = {
			isa = PBXGroup;
			children = (
				9DE2113A29570F0300B2AB11 /* ViewModel */,
				9DE2113929570EFF00B2AB11 /* Views */,
			);
			path = Authentication;
			sourceTree = "<group>";
		};
		9D769319294DC9A8004C53EF = {
			isa = PBXGroup;
			children = (
				9D769324294DC9A8004C53EF /* TwitterClone */,
				9D769323294DC9A8004C53EF /* Products */,
			);
			sourceTree = "<group>";
		};
		9D769323294DC9A8004C53EF /* Products */ = {
			isa = PBXGroup;
			children = (
				9D769322294DC9A8004C53EF /* TwitterClone.app */,
			);
			name = Products;
			sourceTree = "<group>";
		};
		9D769324294DC9A8004C53EF /* TwitterClone */ = {
			isa = PBXGroup;
			children = (
				9D769336294DC9BA004C53EF /* Extensions */,
				9D769335294DC9B7004C53EF /* Model */,
				9D769334294DC9B5004C53EF /* Service */,
				9D769333294DC9B3004C53EF /* Core */,
				9D769325294DC9A8004C53EF /* TwitterCloneApp.swift */,
				9D769327294DC9A8004C53EF /* ContentView.swift */,
				9D769329294DC9A9004C53EF /* Assets.xcassets */,
				9D015E01295889E90014B5BB /* GoogleService-Info.plist */,
				9D76932B294DC9A9004C53EF /* Preview Content */,
			);
			path = TwitterClone;
			sourceTree = "<group>";
		};
		9D76932B294DC9A9004C53EF /* Preview Content */ = {
			isa = PBXGroup;
			children = (
				9D76932C294DC9A9004C53EF /* Preview Assets.xcassets */,
			);
			path = "Preview Content";
			sourceTree = "<group>";
		};
		9D769333294DC9B3004C53EF /* Core */ = {
			isa = PBXGroup;
			children = (
				9D769338294DC9E6004C53EF /* Components */,
				9D403F2729570E4000249C84 /* Authentication */,
				9D403F202956FF1C00249C84 /* UploadTweet */,
				9DB010142950AADD00614389 /* SideMenu */,
				9D769346294DD6DD004C53EF /* Profile */,
				9D769345294DD6A5004C53EF /* Explore */,
				9D769344294DD6A3004C53EF /* Notifications */,
				9D769343294DD6A0004C53EF /* Messages */,
				9D769340294DD466004C53EF /* MainTab */,
				9D769337294DC9E4004C53EF /* Feed */,
			);
			path = Core;
			sourceTree = "<group>";
		};
		9D769334294DC9B5004C53EF /* Service */ = {
			isa = PBXGroup;
			children = (
			);
			path = Service;
			sourceTree = "<group>";
		};
		9D769335294DC9B7004C53EF /* Model */ = {
			isa = PBXGroup;
			children = (
			);
			path = Model;
			sourceTree = "<group>";
		};
		9D769336294DC9BA004C53EF /* Extensions */ = {
			isa = PBXGroup;
			children = (
			);
			path = Extensions;
			sourceTree = "<group>";
		};
		9D769337294DC9E4004C53EF /* Feed */ = {
			isa = PBXGroup;
			children = (
				9D76933A294DCA05004C53EF /* ViewModels */,
				9D769339294DCA03004C53EF /* View */,
			);
			path = Feed;
			sourceTree = "<group>";
		};
		9D769338294DC9E6004C53EF /* Components */ = {
			isa = PBXGroup;
			children = (
				9DDE659B29578F7200063A49 /* Authentication */,
				9DB0101029509E6000614389 /* Users */,
				9D76933D294DCC00004C53EF /* Tweets */,
				9D403F25295701D000249C84 /* TextArea.swift */,
				9DE211412957151E00B2AB11 /* RoundedShape.swift */,
				9DE2114329571C2700B2AB11 /* CustomInputField.swift */,
			);
			path = Components;
			sourceTree = "<group>";
		};
		9D769339294DCA03004C53EF /* View */ = {
			isa = PBXGroup;
			children = (
				9D76933B294DCAD8004C53EF /* FeedView.swift */,
			);
			path = View;
			sourceTree = "<group>";
		};
		9D76933A294DCA05004C53EF /* ViewModels */ = {
			isa = PBXGroup;
			children = (
			);
			path = ViewModels;
			sourceTree = "<group>";
		};
		9D76933D294DCC00004C53EF /* Tweets */ = {
			isa = PBXGroup;
			children = (
				9D76933E294DCC19004C53EF /* TweetRowView.swift */,
			);
			path = Tweets;
			sourceTree = "<group>";
		};
		9D769340294DD466004C53EF /* MainTab */ = {
			isa = PBXGroup;
			children = (
				9D769341294DD482004C53EF /* MainTabView.swift */,
			);
			path = MainTab;
			sourceTree = "<group>";
		};
		9D769343294DD6A0004C53EF /* Messages */ = {
			isa = PBXGroup;
			children = (
				9D76934B294DD780004C53EF /* MessagesView.swift */,
			);
			path = Messages;
			sourceTree = "<group>";
		};
		9D769344294DD6A3004C53EF /* Notifications */ = {
			isa = PBXGroup;
			children = (
				9D769349294DD74C004C53EF /* NotificationsView.swift */,
			);
			path = Notifications;
			sourceTree = "<group>";
		};
		9D769345294DD6A5004C53EF /* Explore */ = {
			isa = PBXGroup;
			children = (
				9DB0100F29509E2800614389 /* ViewModels */,
				9DB0100E29509E1C00614389 /* Views */,
			);
			path = Explore;
			sourceTree = "<group>";
		};
		9D769346294DD6DD004C53EF /* Profile */ = {
			isa = PBXGroup;
			children = (
				9DC64888294F3307008AC6AA /* ViewModels */,
				9DC64887294F3305008AC6AA /* Views */,
			);
			path = Profile;
			sourceTree = "<group>";
		};
		9DB0100E29509E1C00614389 /* Views */ = {
			isa = PBXGroup;
			children = (
				9D769347294DD718004C53EF /* ExploreView.swift */,
			);
			path = Views;
			sourceTree = "<group>";
		};
		9DB0100F29509E2800614389 /* ViewModels */ = {
			isa = PBXGroup;
			children = (
			);
			path = ViewModels;
			sourceTree = "<group>";
		};
		9DB0101029509E6000614389 /* Users */ = {
			isa = PBXGroup;
			children = (
				9DB0101229509E8D00614389 /* UserRowView.swift */,
				9DB0101D2950AE5C00614389 /* UserStatsView.swift */,
			);
			path = Users;
			sourceTree = "<group>";
		};
		9DB010142950AADD00614389 /* SideMenu */ = {
			isa = PBXGroup;
			children = (
				9DB010162950AAE900614389 /* ViewModel */,
				9DB010152950AAE400614389 /* Views */,
			);
			path = SideMenu;
			sourceTree = "<group>";
		};
		9DB010152950AAE400614389 /* Views */ = {
			isa = PBXGroup;
			children = (
				9DB010172950AB0C00614389 /* SideMenuView.swift */,
				9DB0101F2950B9B100614389 /* SideMenuOptionRowView.swift */,
			);
			path = Views;
			sourceTree = "<group>";
		};
		9DB010162950AAE900614389 /* ViewModel */ = {
			isa = PBXGroup;
			children = (
				9DB0101B2950AB8700614389 /* SideMenuViewModel.swift */,
			);
			path = ViewModel;
			sourceTree = "<group>";
		};
		9DC64887294F3305008AC6AA /* Views */ = {
			isa = PBXGroup;
			children = (
				9DC64889294F3322008AC6AA /* ProfileView.swift */,
			);
			path = Views;
			sourceTree = "<group>";
		};
		9DC64888294F3307008AC6AA /* ViewModels */ = {
			isa = PBXGroup;
			children = (
				9DC6488B294F40B8008AC6AA /* TweetFilterViewModel.swift */,
			);
			path = ViewModels;
			sourceTree = "<group>";
		};
		9DDE659B29578F7200063A49 /* Authentication */ = {
			isa = PBXGroup;
			children = (
				9DDE65A02957902B00063A49 /* AuthHeaderView.swift */,
			);
			path = Authentication;
			sourceTree = "<group>";
		};
		9DE2113929570EFF00B2AB11 /* Views */ = {
			isa = PBXGroup;
			children = (
				9DE2113B29570F2C00B2AB11 /* LoginView.swift */,
				9DE2113D29570F3A00B2AB11 /* RegistrationView.swift */,
			);
			path = Views;
			sourceTree = "<group>";
		};
		9DE2113A29570F0300B2AB11 /* ViewModel */ = {
			isa = PBXGroup;
			children = (
			);
			path = ViewModel;
			sourceTree = "<group>";
		};
/* End PBXGroup section */

/* Begin PBXNativeTarget section */
		9D769321294DC9A8004C53EF /* TwitterClone */ = {
			isa = PBXNativeTarget;
			buildConfigurationList = 9D769330294DC9A9004C53EF /* Build configuration list for PBXNativeTarget "TwitterClone" */;
			buildPhases = (
				9D76931E294DC9A8004C53EF /* Sources */,
				9D76931F294DC9A8004C53EF /* Frameworks */,
				9D769320294DC9A8004C53EF /* Resources */,
			);
			buildRules = (
			);
			dependencies = (
			);
			name = TwitterClone;
			packageProductDependencies = (
				9D015E0429588CD80014B5BB /* FirebaseAuth */,
				9D015E0629588CD80014B5BB /* FirebaseFirestore */,
				9D015E0829588CD80014B5BB /* FirebaseFirestoreSwift */,
				9D015E0A29588CD80014B5BB /* FirebaseStorage */,
			);
			productName = TwitterClone;
			productReference = 9D769322294DC9A8004C53EF /* TwitterClone.app */;
			productType = "com.apple.product-type.application";
		};
/* End PBXNativeTarget section */

/* Begin PBXProject section */
		9D76931A294DC9A8004C53EF /* Project object */ = {
			isa = PBXProject;
			attributes = {
				BuildIndependentTargetsInParallel = 1;
				LastSwiftUpdateCheck = 1410;
				LastUpgradeCheck = 1410;
				TargetAttributes = {
					9D769321294DC9A8004C53EF = {
						CreatedOnToolsVersion = 14.1;
					};
				};
			};
			buildConfigurationList = 9D76931D294DC9A8004C53EF /* Build configuration list for PBXProject "TwitterClone" */;
			compatibilityVersion = "Xcode 14.0";
			developmentRegion = en;
			hasScannedForEncodings = 0;
			knownRegions = (
				en,
				Base,
			);
			mainGroup = 9D769319294DC9A8004C53EF;
			packageReferences = (
				9D015E0329588CD80014B5BB /* XCRemoteSwiftPackageReference "firebase-ios-sdk" */,
			);
			productRefGroup = 9D769323294DC9A8004C53EF /* Products */;
			projectDirPath = "";
			projectRoot = "";
			targets = (
				9D769321294DC9A8004C53EF /* TwitterClone */,
			);
		};
/* End PBXProject section */

/* Begin PBXResourcesBuildPhase section */
		9D769320294DC9A8004C53EF /* Resources */ = {
			isa = PBXResourcesBuildPhase;
			buildActionMask = 2147483647;
			files = (
				9D76932D294DC9A9004C53EF /* Preview Assets.xcassets in Resources */,
				9D76932A294DC9A9004C53EF /* Assets.xcassets in Resources */,
				9D015E02295889E90014B5BB /* GoogleService-Info.plist in Resources */,
			);
			runOnlyForDeploymentPostprocessing = 0;
		};
/* End PBXResourcesBuildPhase section */

/* Begin PBXSourcesBuildPhase section */
		9D76931E294DC9A8004C53EF /* Sources */ = {
			isa = PBXSourcesBuildPhase;
			buildActionMask = 2147483647;
			files = (
				9D76934C294DD780004C53EF /* MessagesView.swift in Sources */,
				9DC6488A294F3322008AC6AA /* ProfileView.swift in Sources */,
				9D769328294DC9A8004C53EF /* ContentView.swift in Sources */,
				9DDE65A12957902B00063A49 /* AuthHeaderView.swift in Sources */,
				9D76933F294DCC19004C53EF /* TweetRowView.swift in Sources */,
				9DE2114429571C2700B2AB11 /* CustomInputField.swift in Sources */,
				9DC6488C294F40B8008AC6AA /* TweetFilterViewModel.swift in Sources */,
				9D76933C294DCAD8004C53EF /* FeedView.swift in Sources */,
				9DB010182950AB0C00614389 /* SideMenuView.swift in Sources */,
				9D769326294DC9A8004C53EF /* TwitterCloneApp.swift in Sources */,
				9D769348294DD718004C53EF /* ExploreView.swift in Sources */,
				9DB0101C2950AB8700614389 /* SideMenuViewModel.swift in Sources */,
				9D403F26295701D000249C84 /* TextArea.swift in Sources */,
				9DB010202950B9B100614389 /* SideMenuOptionRowView.swift in Sources */,
				9DE2113C29570F2C00B2AB11 /* LoginView.swift in Sources */,
				9DE2113E29570F3A00B2AB11 /* RegistrationView.swift in Sources */,
				9D403F242956FF5100249C84 /* NewTweetView.swift in Sources */,
				9DE211422957151E00B2AB11 /* RoundedShape.swift in Sources */,
				9DB0101329509E8D00614389 /* UserRowView.swift in Sources */,
				9D769342294DD482004C53EF /* MainTabView.swift in Sources */,
				9D76934A294DD74C004C53EF /* NotificationsView.swift in Sources */,
				9DB0101E2950AE5C00614389 /* UserStatsView.swift in Sources */,
			);
			runOnlyForDeploymentPostprocessing = 0;
		};
/* End PBXSourcesBuildPhase section */

/* Begin XCBuildConfiguration section */
		9D76932E294DC9A9004C53EF /* Debug */ = {
			isa = XCBuildConfiguration;
			buildSettings = {
				ALWAYS_SEARCH_USER_PATHS = NO;
				CLANG_ANALYZER_NONNULL = YES;
				CLANG_ANALYZER_NUMBER_OBJECT_CONVERSION = YES_AGGRESSIVE;
				CLANG_CXX_LANGUAGE_STANDARD = "gnu++20";
				CLANG_ENABLE_MODULES = YES;
				CLANG_ENABLE_OBJC_ARC = YES;
				CLANG_ENABLE_OBJC_WEAK = YES;
				CLANG_WARN_BLOCK_CAPTURE_AUTORELEASING = YES;
				CLANG_WARN_BOOL_CONVERSION = YES;
				CLANG_WARN_COMMA = YES;
				CLANG_WARN_CONSTANT_CONVERSION = YES;
				CLANG_WARN_DEPRECATED_OBJC_IMPLEMENTATIONS = YES;
				CLANG_WARN_DIRECT_OBJC_ISA_USAGE = YES_ERROR;
				CLANG_WARN_DOCUMENTATION_COMMENTS = YES;
				CLANG_WARN_EMPTY_BODY = YES;
				CLANG_WARN_ENUM_CONVERSION = YES;
				CLANG_WARN_INFINITE_RECURSION = YES;
				CLANG_WARN_INT_CONVERSION = YES;
				CLANG_WARN_NON_LITERAL_NULL_CONVERSION = YES;
				CLANG_WARN_OBJC_IMPLICIT_RETAIN_SELF = YES;
				CLANG_WARN_OBJC_LITERAL_CONVERSION = YES;
				CLANG_WARN_OBJC_ROOT_CLASS = YES_ERROR;
				CLANG_WARN_QUOTED_INCLUDE_IN_FRAMEWORK_HEADER = YES;
				CLANG_WARN_RANGE_LOOP_ANALYSIS = YES;
				CLANG_WARN_STRICT_PROTOTYPES = YES;
				CLANG_WARN_SUSPICIOUS_MOVE = YES;
				CLANG_WARN_UNGUARDED_AVAILABILITY = YES_AGGRESSIVE;
				CLANG_WARN_UNREACHABLE_CODE = YES;
				CLANG_WARN__DUPLICATE_METHOD_MATCH = YES;
				COPY_PHASE_STRIP = NO;
				DEBUG_INFORMATION_FORMAT = dwarf;
				ENABLE_STRICT_OBJC_MSGSEND = YES;
				ENABLE_TESTABILITY = YES;
				GCC_C_LANGUAGE_STANDARD = gnu11;
				GCC_DYNAMIC_NO_PIC = NO;
				GCC_NO_COMMON_BLOCKS = YES;
				GCC_OPTIMIZATION_LEVEL = 0;
				GCC_PREPROCESSOR_DEFINITIONS = (
					"DEBUG=1",
					"$(inherited)",
				);
				GCC_WARN_64_TO_32_BIT_CONVERSION = YES;
				GCC_WARN_ABOUT_RETURN_TYPE = YES_ERROR;
				GCC_WARN_UNDECLARED_SELECTOR = YES;
				GCC_WARN_UNINITIALIZED_AUTOS = YES_AGGRESSIVE;
				GCC_WARN_UNUSED_FUNCTION = YES;
				GCC_WARN_UNUSED_VARIABLE = YES;
				IPHONEOS_DEPLOYMENT_TARGET = 16.1;
				MTL_ENABLE_DEBUG_INFO = INCLUDE_SOURCE;
				MTL_FAST_MATH = YES;
				ONLY_ACTIVE_ARCH = YES;
				SDKROOT = iphoneos;
				SWIFT_ACTIVE_COMPILATION_CONDITIONS = DEBUG;
				SWIFT_OPTIMIZATION_LEVEL = "-Onone";
			};
			name = Debug;
		};
		9D76932F294DC9A9004C53EF /* Release */ = {
			isa = XCBuildConfiguration;
			buildSettings = {
				ALWAYS_SEARCH_USER_PATHS = NO;
				CLANG_ANALYZER_NONNULL = YES;
				CLANG_ANALYZER_NUMBER_OBJECT_CONVERSION = YES_AGGRESSIVE;
				CLANG_CXX_LANGUAGE_STANDARD = "gnu++20";
				CLANG_ENABLE_MODULES = YES;
				CLANG_ENABLE_OBJC_ARC = YES;
				CLANG_ENABLE_OBJC_WEAK = YES;
				CLANG_WARN_BLOCK_CAPTURE_AUTORELEASING = YES;
				CLANG_WARN_BOOL_CONVERSION = YES;
				CLANG_WARN_COMMA = YES;
				CLANG_WARN_CONSTANT_CONVERSION = YES;
				CLANG_WARN_DEPRECATED_OBJC_IMPLEMENTATIONS = YES;
				CLANG_WARN_DIRECT_OBJC_ISA_USAGE = YES_ERROR;
				CLANG_WARN_DOCUMENTATION_COMMENTS = YES;
				CLANG_WARN_EMPTY_BODY = YES;
				CLANG_WARN_ENUM_CONVERSION = YES;
				CLANG_WARN_INFINITE_RECURSION = YES;
				CLANG_WARN_INT_CONVERSION = YES;
				CLANG_WARN_NON_LITERAL_NULL_CONVERSION = YES;
				CLANG_WARN_OBJC_IMPLICIT_RETAIN_SELF = YES;
				CLANG_WARN_OBJC_LITERAL_CONVERSION = YES;
				CLANG_WARN_OBJC_ROOT_CLASS = YES_ERROR;
				CLANG_WARN_QUOTED_INCLUDE_IN_FRAMEWORK_HEADER = YES;
				CLANG_WARN_RANGE_LOOP_ANALYSIS = YES;
				CLANG_WARN_STRICT_PROTOTYPES = YES;
				CLANG_WARN_SUSPICIOUS_MOVE = YES;
				CLANG_WARN_UNGUARDED_AVAILABILITY = YES_AGGRESSIVE;
				CLANG_WARN_UNREACHABLE_CODE = YES;
				CLANG_WARN__DUPLICATE_METHOD_MATCH = YES;
				COPY_PHASE_STRIP = NO;
				DEBUG_INFORMATION_FORMAT = "dwarf-with-dsym";
				ENABLE_NS_ASSERTIONS = NO;
				ENABLE_STRICT_OBJC_MSGSEND = YES;
				GCC_C_LANGUAGE_STANDARD = gnu11;
				GCC_NO_COMMON_BLOCKS = YES;
				GCC_WARN_64_TO_32_BIT_CONVERSION = YES;
				GCC_WARN_ABOUT_RETURN_TYPE = YES_ERROR;
				GCC_WARN_UNDECLARED_SELECTOR = YES;
				GCC_WARN_UNINITIALIZED_AUTOS = YES_AGGRESSIVE;
				GCC_WARN_UNUSED_FUNCTION = YES;
				GCC_WARN_UNUSED_VARIABLE = YES;
				IPHONEOS_DEPLOYMENT_TARGET = 16.1;
				MTL_ENABLE_DEBUG_INFO = NO;
				MTL_FAST_MATH = YES;
				SDKROOT = iphoneos;
				SWIFT_COMPILATION_MODE = wholemodule;
				SWIFT_OPTIMIZATION_LEVEL = "-O";
				VALIDATE_PRODUCT = YES;
			};
			name = Release;
		};
		9D769331294DC9A9004C53EF /* Debug */ = {
			isa = XCBuildConfiguration;
			buildSettings = {
				ASSETCATALOG_COMPILER_APPICON_NAME = AppIcon;
				ASSETCATALOG_COMPILER_GLOBAL_ACCENT_COLOR_NAME = AccentColor;
				CODE_SIGN_STYLE = Automatic;
				CURRENT_PROJECT_VERSION = 1;
				DEVELOPMENT_ASSET_PATHS = "\"TwitterClone/Preview Content\"";
				DEVELOPMENT_TEAM = 368D6M9S9N;
				ENABLE_PREVIEWS = YES;
				GENERATE_INFOPLIST_FILE = YES;
				INFOPLIST_KEY_UIApplicationSceneManifest_Generation = YES;
				INFOPLIST_KEY_UIApplicationSupportsIndirectInputEvents = YES;
				INFOPLIST_KEY_UILaunchScreen_Generation = YES;
				INFOPLIST_KEY_UISupportedInterfaceOrientations_iPad = "UIInterfaceOrientationPortrait UIInterfaceOrientationPortraitUpsideDown UIInterfaceOrientationLandscapeLeft UIInterfaceOrientationLandscapeRight";
				INFOPLIST_KEY_UISupportedInterfaceOrientations_iPhone = "UIInterfaceOrientationPortrait UIInterfaceOrientationLandscapeLeft UIInterfaceOrientationLandscapeRight";
				LD_RUNPATH_SEARCH_PATHS = (
					"$(inherited)",
					"@executable_path/Frameworks",
				);
				MARKETING_VERSION = 1.0;
				PRODUCT_BUNDLE_IDENTIFIER = mertgaygusuz.TwitterClone;
				PRODUCT_NAME = "$(TARGET_NAME)";
				SWIFT_EMIT_LOC_STRINGS = YES;
				SWIFT_VERSION = 5.0;
				TARGETED_DEVICE_FAMILY = "1,2";
			};
			name = Debug;
		};
		9D769332294DC9A9004C53EF /* Release */ = {
			isa = XCBuildConfiguration;
			buildSettings = {
				ASSETCATALOG_COMPILER_APPICON_NAME = AppIcon;
				ASSETCATALOG_COMPILER_GLOBAL_ACCENT_COLOR_NAME = AccentColor;
				CODE_SIGN_STYLE = Automatic;
				CURRENT_PROJECT_VERSION = 1;
				DEVELOPMENT_ASSET_PATHS = "\"TwitterClone/Preview Content\"";
				DEVELOPMENT_TEAM = 368D6M9S9N;
				ENABLE_PREVIEWS = YES;
				GENERATE_INFOPLIST_FILE = YES;
				INFOPLIST_KEY_UIApplicationSceneManifest_Generation = YES;
				INFOPLIST_KEY_UIApplicationSupportsIndirectInputEvents = YES;
				INFOPLIST_KEY_UILaunchScreen_Generation = YES;
				INFOPLIST_KEY_UISupportedInterfaceOrientations_iPad = "UIInterfaceOrientationPortrait UIInterfaceOrientationPortraitUpsideDown UIInterfaceOrientationLandscapeLeft UIInterfaceOrientationLandscapeRight";
				INFOPLIST_KEY_UISupportedInterfaceOrientations_iPhone = "UIInterfaceOrientationPortrait UIInterfaceOrientationLandscapeLeft UIInterfaceOrientationLandscapeRight";
				LD_RUNPATH_SEARCH_PATHS = (
					"$(inherited)",
					"@executable_path/Frameworks",
				);
				MARKETING_VERSION = 1.0;
				PRODUCT_BUNDLE_IDENTIFIER = mertgaygusuz.TwitterClone;
				PRODUCT_NAME = "$(TARGET_NAME)";
				SWIFT_EMIT_LOC_STRINGS = YES;
				SWIFT_VERSION = 5.0;
				TARGETED_DEVICE_FAMILY = "1,2";
			};
			name = Release;
		};
/* End XCBuildConfiguration section */

/* Begin XCConfigurationList section */
		9D76931D294DC9A8004C53EF /* Build configuration list for PBXProject "TwitterClone" */ = {
			isa = XCConfigurationList;
			buildConfigurations = (
				9D76932E294DC9A9004C53EF /* Debug */,
				9D76932F294DC9A9004C53EF /* Release */,
			);
			defaultConfigurationIsVisible = 0;
			defaultConfigurationName = Release;
		};
		9D769330294DC9A9004C53EF /* Build configuration list for PBXNativeTarget "TwitterClone" */ = {
			isa = XCConfigurationList;
			buildConfigurations = (
				9D769331294DC9A9004C53EF /* Debug */,
				9D769332294DC9A9004C53EF /* Release */,
			);
			defaultConfigurationIsVisible = 0;
			defaultConfigurationName = Release;
		};
/* End XCConfigurationList section */

/* Begin XCRemoteSwiftPackageReference section */
		9D015E0329588CD80014B5BB /* XCRemoteSwiftPackageReference "firebase-ios-sdk" */ = {
			isa = XCRemoteSwiftPackageReference;
			repositoryURL = "https://github.com/firebase/firebase-ios-sdk";
			requirement = {
				branch = master;
				kind = branch;
			};
		};
/* End XCRemoteSwiftPackageReference section */

/* Begin XCSwiftPackageProductDependency section */
		9D015E0429588CD80014B5BB /* FirebaseAuth */ = {
			isa = XCSwiftPackageProductDependency;
			package = 9D015E0329588CD80014B5BB /* XCRemoteSwiftPackageReference "firebase-ios-sdk" */;
			productName = FirebaseAuth;
		};
		9D015E0629588CD80014B5BB /* FirebaseFirestore */ = {
			isa = XCSwiftPackageProductDependency;
			package = 9D015E0329588CD80014B5BB /* XCRemoteSwiftPackageReference "firebase-ios-sdk" */;
			productName = FirebaseFirestore;
		};
		9D015E0829588CD80014B5BB /* FirebaseFirestoreSwift */ = {
			isa = XCSwiftPackageProductDependency;
			package = 9D015E0329588CD80014B5BB /* XCRemoteSwiftPackageReference "firebase-ios-sdk" */;
			productName = FirebaseFirestoreSwift;
		};
		9D015E0A29588CD80014B5BB /* FirebaseStorage */ = {
			isa = XCSwiftPackageProductDependency;
			package = 9D015E0329588CD80014B5BB /* XCRemoteSwiftPackageReference "firebase-ios-sdk" */;
			productName = FirebaseStorage;
		};
/* End XCSwiftPackageProductDependency section */
	};
	rootObject = 9D76931A294DC9A8004C53EF /* Project object */;
}
